
Microsoft Visual Studio Solution File, Format Version 12.00
# Visual Studio Version 17
VisualStudioVersion = 17.0.32112.339
MinimumVisualStudioVersion = 10.0.40219.1
Project("{2150E333-8FDC-42A3-9474-1A3956D46DE8}") = "src", "src", "{5C13D6D9-E408-40BF-8B0C-B58AD40DD1DD}"
EndProject
Project("{2150E333-8FDC-42A3-9474-1A3956D46DE8}") = "lib", "lib", "{A2AD2920-8CD8-4ADB-92A9-1C5A976793B8}"
EndProject
Project("{2150E333-8FDC-42A3-9474-1A3956D46DE8}") = "phork-common", "phork-common", "{2C132113-CED6-410F-B175-3413065DB697}"
EndProject
Project("{9A19103F-16F7-4668-BE54-9A1E7A4F7556}") = "Phork.Common", "lib\phork-common\src\Phork.Common\Phork.Common.csproj", "{F075C7CD-8F65-41A2-B41D-FF2B3227FC5E}"
EndProject
Project("{9A19103F-16F7-4668-BE54-9A1E7A4F7556}") = "Phork.Blazor.Reactivity", "src\Phork.Blazor.Reactivity\Phork.Blazor.Reactivity.csproj", "{3D35AC24-507D-4BB7-A4BF-64F078C03FC6}"
EndProject
Project("{2150E333-8FDC-42A3-9474-1A3956D46DE8}") = "samples", "samples", "{58A5D1B4-DF26-491E-B45D-784309229246}"
EndProject
Project("{2150E333-8FDC-42A3-9474-1A3956D46DE8}") = "test", "test", "{8362155F-8A75-4A08-A3A8-2874134341A2}"
EndProject
Project("{9A19103F-16F7-4668-BE54-9A1E7A4F7556}") = "Phork.Blazor.Reactivity.Tests", "test\Phork.Blazor.Reactivity.Tests\Phork.Blazor.Reactivity.Tests.csproj", "{5B95C899-FA3E-416D-8EB7-9FC1EC974B51}"
EndProject
Project("{2150E333-8FDC-42A3-9474-1A3956D46DE8}") = "src", "src", "{E350F374-D3B0-4830-AD45-995FA9B9E144}"
EndProject
Project("{2150E333-8FDC-42A3-9474-1A3956D46DE8}") = "Solution Items", "Solution Items", "{F5E72865-41C1-4A18-9C66-B856C3856021}"
	ProjectSection(SolutionItems) = preProject
		.editorconfig = .editorconfig
	EndProjectSection
EndProject
Project("{9A19103F-16F7-4668-BE54-9A1E7A4F7556}") = "ReactivityDemo_Old", "samples\ReactivityDemo_Old\ReactivityDemo_Old.csproj", "{535E2CE0-FE3A-4075-AF00-3989B9A51BD1}"
EndProject
Project("{9A19103F-16F7-4668-BE54-9A1E7A4F7556}") = "ReactivityDemo", "samples\ReactivityDemo\ReactivityDemo.csproj", "{8C1C8A0C-829D-4E35-88D9-799CE5EE3DE8}"
EndProject
Global
	GlobalSection(SolutionConfigurationPlatforms) = preSolution
		Debug|Any CPU = Debug|Any CPU
		Release|Any CPU = Release|Any CPU
	EndGlobalSection
	GlobalSection(ProjectConfigurationPlatforms) = postSolution
		{F075C7CD-8F65-41A2-B41D-FF2B3227FC5E}.Debug|Any CPU.ActiveCfg = Debug|Any CPU
		{F075C7CD-8F65-41A2-B41D-FF2B3227FC5E}.Debug|Any CPU.Build.0 = Debug|Any CPU
		{F075C7CD-8F65-41A2-B41D-FF2B3227FC5E}.Release|Any CPU.ActiveCfg = Release|Any CPU
		{F075C7CD-8F65-41A2-B41D-FF2B3227FC5E}.Release|Any CPU.Build.0 = Release|Any CPU
		{3D35AC24-507D-4BB7-A4BF-64F078C03FC6}.Debug|Any CPU.ActiveCfg = Debug|Any CPU
		{3D35AC24-507D-4BB7-A4BF-64F078C03FC6}.Debug|Any CPU.Build.0 = Debug|Any CPU
		{3D35AC24-507D-4BB7-A4BF-64F078C03FC6}.Release|Any CPU.ActiveCfg = Release|Any CPU
		{3D35AC24-507D-4BB7-A4BF-64F078C03FC6}.Release|Any CPU.Build.0 = Release|Any CPU
		{5B95C899-FA3E-416D-8EB7-9FC1EC974B51}.Debug|Any CPU.ActiveCfg = Debug|Any CPU
		{5B95C899-FA3E-416D-8EB7-9FC1EC974B51}.Debug|Any CPU.Build.0 = Debug|Any CPU
		{5B95C899-FA3E-416D-8EB7-9FC1EC974B51}.Release|Any CPU.ActiveCfg = Release|Any CPU
		{5B95C899-FA3E-416D-8EB7-9FC1EC974B51}.Release|Any CPU.Build.0 = Release|Any CPU
		{535E2CE0-FE3A-4075-AF00-3989B9A51BD1}.Debug|Any CPU.ActiveCfg = Debug|Any CPU
		{535E2CE0-FE3A-4075-AF00-3989B9A51BD1}.Debug|Any CPU.Build.0 = Debug|Any CPU
		{535E2CE0-FE3A-4075-AF00-3989B9A51BD1}.Release|Any CPU.ActiveCfg = Release|Any CPU
		{535E2CE0-FE3A-4075-AF00-3989B9A51BD1}.Release|Any CPU.Build.0 = Release|Any CPU
		{8C1C8A0C-829D-4E35-88D9-799CE5EE3DE8}.Debug|Any CPU.ActiveCfg = Debug|Any CPU
		{8C1C8A0C-829D-4E35-88D9-799CE5EE3DE8}.Debug|Any CPU.Build.0 = Debug|Any CPU
		{8C1C8A0C-829D-4E35-88D9-799CE5EE3DE8}.Release|Any CPU.ActiveCfg = Release|Any CPU
		{8C1C8A0C-829D-4E35-88D9-799CE5EE3DE8}.Release|Any CPU.Build.0 = Release|Any CPU
	EndGlobalSection
	GlobalSection(SolutionProperties) = preSolution
		HideSolutionNode = FALSE
	EndGlobalSection
	GlobalSection(NestedProjects) = preSolution
		{2C132113-CED6-410F-B175-3413065DB697} = {A2AD2920-8CD8-4ADB-92A9-1C5A976793B8}
		{F075C7CD-8F65-41A2-B41D-FF2B3227FC5E} = {E350F374-D3B0-4830-AD45-995FA9B9E144}
		{3D35AC24-507D-4BB7-A4BF-64F078C03FC6} = {5C13D6D9-E408-40BF-8B0C-B58AD40DD1DD}
		{5B95C899-FA3E-416D-8EB7-9FC1EC974B51} = {8362155F-8A75-4A08-A3A8-2874134341A2}
		{E350F374-D3B0-4830-AD45-995FA9B9E144} = {2C132113-CED6-410F-B175-3413065DB697}
		{535E2CE0-FE3A-4075-AF00-3989B9A51BD1} = {58A5D1B4-DF26-491E-B45D-784309229246}
		{8C1C8A0C-829D-4E35-88D9-799CE5EE3DE8} = {58A5D1B4-DF26-491E-B45D-784309229246}
	EndGlobalSection
	GlobalSection(ExtensibilityGlobals) = postSolution
		SolutionGuid = {3E1889D2-A50F-41F3-9C6C-F17F478B385F}
	EndGlobalSection
EndGlobal
